
Microsoft Visual Studio Solution File, Format Version 12.00
# Visual Studio Version 17
VisualStudioVersion = 17.13.35825.156
MinimumVisualStudioVersion = 10.0.40219.1
Project("{FAE04EC0-301F-11D3-BF4B-00C04F79EFBC}") = "ECommerce", "ECommerce\ECommerce.csproj", "{13BA7826-152F-45E8-BA80-CEB7165E4DB3}"
EndProject
Global
	GlobalSection(SolutionConfigurationPlatforms) = preSolution
		Debug|Any CPU = Debug|Any CPU
		Release|Any CPU = Release|Any CPU
	EndGlobalSection
	GlobalSection(ProjectConfigurationPlatforms) = postSolution
		{13BA7826-152F-45E8-BA80-CEB7165E4DB3}.Debug|Any CPU.ActiveCfg = Debug|Any CPU
		{13BA7826-152F-45E8-BA80-CEB7165E4DB3}.Debug|Any CPU.Build.0 = Debug|Any CPU
		{13BA7826-152F-45E8-BA80-CEB7165E4DB3}.Release|Any CPU.ActiveCfg = Release|Any CPU
		{13BA7826-152F-45E8-BA80-CEB7165E4DB3}.Release|Any CPU.Build.0 = Release|Any CPU
	EndGlobalSection
	GlobalSection(SolutionProperties) = preSolution
		HideSolutionNode = FALSE
	EndGlobalSection
	GlobalSection(ExtensibilityGlobals) = postSolution
		SolutionGuid = {66CB0188-7AC1-4339-9699-9566265AF0EB}
	EndGlobalSection
EndGlobal
